
Microsoft Visual Studio Solution File, Format Version 12.00
Project("{FAE04EC0-301F-11D3-BF4B-00C04F79EFBC}") = "testNetJsonConfig", "testNetJsonConfig\testNetJsonConfig.csproj", "{94654051-BDC7-4076-8649-AA6398F3297E}"
EndProject
Global
	GlobalSection(SolutionConfigurationPlatforms) = preSolution
		Debug|Any CPU = Debug|Any CPU
		Release|Any CPU = Release|Any CPU
	EndGlobalSection
	GlobalSection(ProjectConfigurationPlatforms) = postSolution
		{94654051-BDC7-4076-8649-AA6398F3297E}.Debug|Any CPU.ActiveCfg = Debug|Any CPU
		{94654051-BDC7-4076-8649-AA6398F3297E}.Debug|Any CPU.Build.0 = Debug|Any CPU
		{94654051-BDC7-4076-8649-AA6398F3297E}.Release|Any CPU.ActiveCfg = Release|Any CPU
		{94654051-BDC7-4076-8649-AA6398F3297E}.Release|Any CPU.Build.0 = Release|Any CPU
	EndGlobalSection
EndGlobal
